<?xml version="1.0" encoding="utf-8"?>
<Project ToolsVersion="4.0" xmlns="http://schemas.microsoft.com/developer/msbuild/2003">
  <ItemGroup>
    <Filter Include="Source Files">
      <UniqueIdentifier>{4FC737F1-C7A5-4376-A066-2A32D752A2FF}</UniqueIdentifier>
      <Extensions>cpp;c;cc;cxx;c++;cppm;ixx;def;odl;idl;hpj;bat;asm;asmx</Extensions>
    </Filter>
    <Filter Include="Header Files">
      <UniqueIdentifier>{93995380-89BD-4b04-88EB-625FBE52EBFB}</UniqueIdentifier>
      <Extensions>h;hh;hpp;hxx;h++;hm;inl;inc;ipp;xsd</Extensions>
    </Filter>
    <Filter Include="Resource Files">
      <UniqueIdentifier>{67DA6AB6-F800-4c08-8B7A-83BB121AAD01}</UniqueIdentifier>
      <Extensions>rc;ico;cur;bmp;dlg;rc2;rct;bin;rgs;gif;jpg;jpeg;jpe;resx;tiff;tif;png;wav;mfcribbon-ms</Extensions>
    </Filter>
    <Filter Include="imgui">
      <UniqueIdentifier>{9c868d55-80a5-499b-93e1-51f5c5748699}</UniqueIdentifier>
    </Filter>
    <Filter Include="shaders">
      <UniqueIdentifier>{61db372f-6f89-4457-832c-9dea78ccfb17}</UniqueIdentifier>
    </Filter>
    <Filter Include="Core">
      <UniqueIdentifier>{785f3c6f-b943-473a-b836-ee8fecc3b820}</UniqueIdentifier>
    </Filter>
    <Filter Include="implot">
      <UniqueIdentifier>{69ca6c6e-110a-46b1-86b6-4ed4a384904d}</UniqueIdentifier>
    </Filter>
  </ItemGroup>
  <ItemGroup>
    <ClCompile Include="Main.cpp">
      <Filter>Source Files</Filter>
    </ClCompile>
    <ClCompile Include="..\imgui-master\imgui.cpp">
      <Filter>imgui</Filter>
    </ClCompile>
    <ClCompile Include="..\imgui-master\imgui_demo.cpp">
      <Filter>imgui</Filter>
    </ClCompile>
    <ClCompile Include="..\imgui-master\imgui_draw.cpp">
      <Filter>imgui</Filter>
    </ClCompile>
    <ClCompile Include="..\imgui-master\imgui_tables.cpp">
      <Filter>imgui</Filter>
    </ClCompile>
    <ClCompile Include="..\imgui-master\imgui_widgets.cpp">
      <Filter>imgui</Filter>
    </ClCompile>
    <ClCompile Include="..\imgui-master\backends\imgui_impl_glfw.cpp">
      <Filter>imgui</Filter>
    </ClCompile>
    <ClCompile Include="..\imgui-master\backends\imgui_impl_opengl3.cpp">
      <Filter>imgui</Filter>
    </ClCompile>
    <ClCompile Include="Callbacks.cpp">
      <Filter>Source Files</Filter>
    </ClCompile>
    <ClCompile Include="Uniforms.cpp">
      <Filter>Source Files</Filter>
    </ClCompile>
    <ClCompile Include="..\Core\InitShader.cpp">
      <Filter>Core</Filter>
    </ClCompile>
    <ClCompile Include="..\Core\LoadMesh.cpp">
      <Filter>Core</Filter>
    </ClCompile>
    <ClCompile Include="..\Core\LoadTexture.cpp">
      <Filter>Core</Filter>
    </ClCompile>
    <ClCompile Include="..\Core\Buffer.cpp">
      <Filter>Core</Filter>
    </ClCompile>
    <ClCompile Include="..\Core\DebugCallback.cpp">
      <Filter>Core</Filter>
    </ClCompile>
    <ClCompile Include="..\Core\AttriblessRendering.cpp">
      <Filter>Core</Filter>
    </ClCompile>
    <ClCompile Include="..\Core\Shader.cpp">
      <Filter>Core</Filter>
    </ClCompile>
    <ClCompile Include="..\Core\UniformGui.cpp">
      <Filter>Core</Filter>
    </ClCompile>
    <ClCompile Include="..\Core\Timer.cpp">
      <Filter>Core</Filter>
    </ClCompile>
    <ClCompile Include="..\Core\Fbo.cpp">
      <Filter>Core</Filter>
    </ClCompile>
    <ClCompile Include="..\Core\ComputeShader.cpp">
      <Filter>Core</Filter>
    </ClCompile>
    <ClCompile Include="..\Core\ImageTexture.cpp">
      <Filter>Core</Filter>
    </ClCompile>
    <ClCompile Include="..\Core\Module.cpp">
      <Filter>Core</Filter>
    </ClCompile>
    <ClCompile Include="..\Core\ComputePattern.cpp">
      <Filter>Core</Filter>
    </ClCompile>
    <ClCompile Include="..\Core\ReductionPattern.cpp">
      <Filter>Core</Filter>
    </ClCompile>
    <ClCompile Include="..\Core\GlGui.cpp">
      <Filter>Core</Filter>
    </ClCompile>
    <ClCompile Include="..\Core\ScreenGrabber.cpp">
      <Filter>Core</Filter>
    </ClCompile>
    <ClCompile Include="DrawGui.cpp">
      <Filter>Source Files</Filter>
    </ClCompile>
    <ClCompile Include="Scene.cpp">
      <Filter>Source Files</Filter>
    </ClCompile>
    <ClCompile Include="..\Core\Renderer.cpp">
      <Filter>Core</Filter>
    </ClCompile>
    <ClCompile Include="..\Core\Trackball.cpp">
      <Filter>Core</Filter>
    </ClCompile>
    <ClCompile Include="..\implot-master\implot.cpp">
      <Filter>implot</Filter>
    </ClCompile>
    <ClCompile Include="..\implot-master\implot_demo.cpp">
      <Filter>implot</Filter>
    </ClCompile>
    <ClCompile Include="..\implot-master\implot_items.cpp">
      <Filter>implot</Filter>
    </ClCompile>
    <ClCompile Include="..\Core\UniformGrid.cpp">
      <Filter>Core</Filter>
    </ClCompile>
    <ClCompile Include="..\Core\Aabb.cpp">
      <Filter>Core</Filter>
    </ClCompile>
    <ClCompile Include="..\Core\StdUniforms.cpp">
      <Filter>Core</Filter>
    </ClCompile>
    <ClCompile Include="..\Core\RaytraceGrid.cpp">
      <Filter>Core</Filter>
    </ClCompile>
    <ClCompile Include="..\Core\VideoRecorder.cpp">
      <Filter>Core</Filter>
    </ClCompile>
    <ClCompile Include="..\Core\DebugBuffer.cpp">
      <Filter>Core</Filter>
    </ClCompile>
    <ClCompile Include="..\Core\MeshDataGeometry.cpp">
      <Filter>Core</Filter>
    </ClCompile>
    <ClCompile Include="..\Core\ImagePicker.cpp">
      <Filter>Core</Filter>
    </ClCompile>
    <ClCompile Include="..\Core\GlEnumToString.cpp">
      <Filter>Core</Filter>
    </ClCompile>
  </ItemGroup>
  <ItemGroup>
    <ClInclude Include="..\imgui-master\imconfig.h">
      <Filter>imgui</Filter>
    </ClInclude>
    <ClInclude Include="..\imgui-master\imgui.h">
      <Filter>imgui</Filter>
    </ClInclude>
    <ClInclude Include="..\imgui-master\imgui_internal.h">
      <Filter>imgui</Filter>
    </ClInclude>
    <ClInclude Include="..\imgui-master\imstb_rectpack.h">
      <Filter>imgui</Filter>
    </ClInclude>
    <ClInclude Include="..\imgui-master\imstb_textedit.h">
      <Filter>imgui</Filter>
    </ClInclude>
    <ClInclude Include="..\imgui-master\imstb_truetype.h">
      <Filter>imgui</Filter>
    </ClInclude>
    <ClInclude Include="..\imgui-master\backends\imgui_impl_glfw.h">
      <Filter>imgui</Filter>
    </ClInclude>
    <ClInclude Include="..\imgui-master\backends\imgui_impl_opengl3.h">
      <Filter>imgui</Filter>
    </ClInclude>
    <ClInclude Include="Callbacks.h">
      <Filter>Header Files</Filter>
    </ClInclude>
    <ClInclude Include="..\Core\InitShader.h">
      <Filter>Core</Filter>
    </ClInclude>
    <ClInclude Include="..\Core\LoadMesh.h">
      <Filter>Core</Filter>
    </ClInclude>
    <ClInclude Include="..\Core\Buffer.h">
      <Filter>Core</Filter>
    </ClInclude>
    <ClInclude Include="Uniforms.h">
      <Filter>Header Files</Filter>
    </ClInclude>
    <ClInclude Include="..\Core\DebugCallback.h">
      <Filter>Core</Filter>
    </ClInclude>
    <ClInclude Include="..\Core\AttriblessRendering.h">
      <Filter>Core</Filter>
    </ClInclude>
    <ClInclude Include="..\Core\Shader.h">
      <Filter>Core</Filter>
    </ClInclude>
    <ClInclude Include="..\Core\UniformGui.h">
      <Filter>Core</Filter>
    </ClInclude>
    <ClInclude Include="..\Core\LoadTexture.h">
      <Filter>Core</Filter>
    </ClInclude>
    <ClInclude Include="..\Core\Timer.h">
      <Filter>Core</Filter>
    </ClInclude>
    <ClInclude Include="..\Core\Fbo.h">
      <Filter>Core</Filter>
    </ClInclude>
    <ClInclude Include="..\Core\ComputeShader.h">
      <Filter>Core</Filter>
    </ClInclude>
    <ClInclude Include="..\Core\ImageTexture.h">
      <Filter>Core</Filter>
    </ClInclude>
    <ClInclude Include="..\Core\Module.h">
      <Filter>Core</Filter>
    </ClInclude>
    <ClInclude Include="..\Core\ComputePattern.h">
      <Filter>Core</Filter>
    </ClInclude>
    <ClInclude Include="..\Core\ReductionPattern.h">
      <Filter>Core</Filter>
    </ClInclude>
    <ClInclude Include="..\Core\GlGui.h">
      <Filter>Core</Filter>
    </ClInclude>
    <ClInclude Include="..\Core\ScreenGrabber.h">
      <Filter>Core</Filter>
    </ClInclude>
    <ClInclude Include="..\Core\ShaderInclude.hpp">
      <Filter>Core</Filter>
    </ClInclude>
    <ClInclude Include="DrawGui.h">
      <Filter>Header Files</Filter>
    </ClInclude>
    <ClInclude Include="Scene.h">
      <Filter>Header Files</Filter>
    </ClInclude>
    <ClInclude Include="Main.h">
      <Filter>Header Files</Filter>
    </ClInclude>
    <ClInclude Include="..\Core\Renderer.h">
      <Filter>Core</Filter>
    </ClInclude>
    <ClInclude Include="..\Core\Trackball.h">
      <Filter>Core</Filter>
    </ClInclude>
    <ClInclude Include="..\implot-master\implot.h">
      <Filter>implot</Filter>
    </ClInclude>
    <ClInclude Include="..\implot-master\implot_internal.h">
      <Filter>implot</Filter>
    </ClInclude>
    <ClInclude Include="SceneModules.h">
      <Filter>Header Files</Filter>
    </ClInclude>
    <ClInclude Include="..\Core\UniformGrid.h">
      <Filter>Core</Filter>
    </ClInclude>
    <ClInclude Include="..\Core\Aabb.h">
      <Filter>Core</Filter>
    </ClInclude>
    <ClInclude Include="..\Core\StdUniforms.h">
      <Filter>Core</Filter>
    </ClInclude>
    <ClInclude Include="..\Core\RaytraceGrid.h">
      <Filter>Core</Filter>
    </ClInclude>
    <ClInclude Include="..\Core\VideoRecorder.h">
      <Filter>Core</Filter>
    </ClInclude>
    <ClInclude Include="..\Core\DebugBuffer.h">
      <Filter>Core</Filter>
    </ClInclude>
    <ClInclude Include="..\Core\ComputeTests.h">
      <Filter>Core</Filter>
    </ClInclude>
    <ClInclude Include="..\Core\MeshDataGeometry.h">
      <Filter>Core</Filter>
    </ClInclude>
    <ClInclude Include="..\Core\ImagePicker.h">
      <Filter>Core</Filter>
    </ClInclude>
    <ClInclude Include="..\Core\GlEnumToString.h">
      <Filter>Core</Filter>
    </ClInclude>
  </ItemGroup>
  <ItemGroup>
    <None Include="shaders\uniform_grid_mesh_3d_cs.glsl">
      <Filter>shaders</Filter>
    </None>
    <None Include="shaders\particle_grid_mesh_cs.glsl">
      <Filter>shaders</Filter>
    </None>
    <None Include="shaders\particle_collision_3d_ugrid_cs.glsl">
      <Filter>shaders</Filter>
    </None>
    <None Include="shaders\uniform_grid_points_3d_cs.glsl">
      <Filter>shaders</Filter>
    </None>
    <None Include="shaders\grid_3d_cs.h.glsl">
      <Filter>shaders</Filter>
    </None>
    <None Include="shaders\aabb_cs.h.glsl">
      <Filter>shaders</Filter>
    </None>
    <None Include="shaders\xpbd_wave_3d_ugrid_cs.glsl">
      <Filter>shaders</Filter>
    </None>
    <None Include="shaders\heightmap_fs.glsl">
      <Filter>shaders</Filter>
    </None>
    <None Include="shaders\heightmap_vs.glsl">
      <Filter>shaders</Filter>
    </None>
    <None Include="shaders\wave2D_cs.glsl">
      <Filter>shaders</Filter>
    </None>
    <None Include="shaders\skybox_fs.glsl">
      <Filter>shaders</Filter>
    </None>
    <None Include="shaders\skybox_vs.glsl">
      <Filter>shaders</Filter>
    </None>
    <None Include="shaders\particle3d_fs.glsl">
      <Filter>shaders</Filter>
    </None>
    <None Include="shaders\particle3d_vs.glsl">
      <Filter>shaders</Filter>
    </None>
    <None Include="shaders\shallow2D_cs.glsl">
      <Filter>shaders</Filter>
    </None>
    <None Include="shaders\std_uniforms.h.glsl">
      <Filter>shaders</Filter>
    </None>
    <None Include="shaders\koschier3d_ugrid_cs.glsl">
      <Filter>shaders</Filter>
    </None>
    <None Include="shaders\koschier3d_wave_cs.glsl">
      <Filter>shaders</Filter>
    </None>
  </ItemGroup>
</Project>